
Microsoft Visual Studio Solution File, Format Version 12.00
# Visual Studio Version 17
VisualStudioVersion = 17.9.34607.119
MinimumVisualStudioVersion = 10.0.40219.1
Project("{FAE04EC0-301F-11D3-BF4B-00C04F79EFBC}") = "AspAuthCookiesApp", "AspAuthCookiesApp\AspAuthCookiesApp.csproj", "{1631B894-C9DB-4DBF-A004-C0174A239476}"
EndProject
Global
	GlobalSection(SolutionConfigurationPlatforms) = preSolution
		Debug|Any CPU = Debug|Any CPU
		Release|Any CPU = Release|Any CPU
	EndGlobalSection
	GlobalSection(ProjectConfigurationPlatforms) = postSolution
		{1631B894-C9DB-4DBF-A004-C0174A239476}.Debug|Any CPU.ActiveCfg = Debug|Any CPU
		{1631B894-C9DB-4DBF-A004-C0174A239476}.Debug|Any CPU.Build.0 = Debug|Any CPU
		{1631B894-C9DB-4DBF-A004-C0174A239476}.Release|Any CPU.ActiveCfg = Release|Any CPU
		{1631B894-C9DB-4DBF-A004-C0174A239476}.Release|Any CPU.Build.0 = Release|Any CPU
	EndGlobalSection
	GlobalSection(SolutionProperties) = preSolution
		HideSolutionNode = FALSE
	EndGlobalSection
	GlobalSection(ExtensibilityGlobals) = postSolution
		SolutionGuid = {803697B6-58E4-48BA-9ED1-241A9C2B7F04}
	EndGlobalSection
EndGlobal
